
Microsoft Visual Studio Solution File, Format Version 12.00
# Visual Studio Version 16
VisualStudioVersion = 25.0.1705.4
MinimumVisualStudioVersion = 10.0.40219.1
Project("{FAE04EC0-301F-11D3-BF4B-00C04F79EFBC}") = "de01", "de01\de01.csproj", "{75B6C328-2804-4CC1-9078-9366A3F69F54}"
EndProject
Project("{FAE04EC0-301F-11D3-BF4B-00C04F79EFBC}") = "de01Client", "de01Client\de01Client.csproj", "{1D046CAB-D47D-42EC-AFB3-6A72A28662BD}"
EndProject
Global
	GlobalSection(SolutionConfigurationPlatforms) = preSolution
		Debug|Any CPU = Debug|Any CPU
		Release|Any CPU = Release|Any CPU
	EndGlobalSection
	GlobalSection(ProjectConfigurationPlatforms) = postSolution
		{75B6C328-2804-4CC1-9078-9366A3F69F54}.Debug|Any CPU.ActiveCfg = Debug|Any CPU
		{75B6C328-2804-4CC1-9078-9366A3F69F54}.Debug|Any CPU.Build.0 = Debug|Any CPU
		{75B6C328-2804-4CC1-9078-9366A3F69F54}.Release|Any CPU.ActiveCfg = Release|Any CPU
		{75B6C328-2804-4CC1-9078-9366A3F69F54}.Release|Any CPU.Build.0 = Release|Any CPU
		{1D046CAB-D47D-42EC-AFB3-6A72A28662BD}.Debug|Any CPU.ActiveCfg = Debug|Any CPU
		{1D046CAB-D47D-42EC-AFB3-6A72A28662BD}.Debug|Any CPU.Build.0 = Debug|Any CPU
		{1D046CAB-D47D-42EC-AFB3-6A72A28662BD}.Release|Any CPU.ActiveCfg = Release|Any CPU
		{1D046CAB-D47D-42EC-AFB3-6A72A28662BD}.Release|Any CPU.Build.0 = Release|Any CPU
	EndGlobalSection
	GlobalSection(SolutionProperties) = preSolution
		HideSolutionNode = FALSE
	EndGlobalSection
	GlobalSection(ExtensibilityGlobals) = postSolution
		SolutionGuid = {748319D3-DFB2-47FC-A669-F2F15C0EA8B7}
	EndGlobalSection
EndGlobal
