
Microsoft Visual Studio Solution File, Format Version 12.00
# Visual Studio Version 16
VisualStudioVersion = 25.0.1705.4
MinimumVisualStudioVersion = 10.0.40219.1
Project("{FAE04EC0-301F-11D3-BF4B-00C04F79EFBC}") = "de06", "de06\de06.csproj", "{550B35CD-900E-44FD-AA1B-A8856B2B87D7}"
EndProject
Global
	GlobalSection(SolutionConfigurationPlatforms) = preSolution
		Debug|Any CPU = Debug|Any CPU
		Release|Any CPU = Release|Any CPU
	EndGlobalSection
	GlobalSection(ProjectConfigurationPlatforms) = postSolution
		{550B35CD-900E-44FD-AA1B-A8856B2B87D7}.Debug|Any CPU.ActiveCfg = Debug|Any CPU
		{550B35CD-900E-44FD-AA1B-A8856B2B87D7}.Debug|Any CPU.Build.0 = Debug|Any CPU
		{550B35CD-900E-44FD-AA1B-A8856B2B87D7}.Release|Any CPU.ActiveCfg = Release|Any CPU
		{550B35CD-900E-44FD-AA1B-A8856B2B87D7}.Release|Any CPU.Build.0 = Release|Any CPU
	EndGlobalSection
	GlobalSection(SolutionProperties) = preSolution
		HideSolutionNode = FALSE
	EndGlobalSection
	GlobalSection(ExtensibilityGlobals) = postSolution
		SolutionGuid = {2AD71F08-4332-4FA4-8E65-B7223B8F3AF7}
	EndGlobalSection
EndGlobal
