
Microsoft Visual Studio Solution File, Format Version 12.00
# Visual Studio Version 17
VisualStudioVersion = 17.10.35122.118
MinimumVisualStudioVersion = 10.0.40219.1
Project("{FAE04EC0-301F-11D3-BF4B-00C04F79EFBC}") = "ex003", "ex003.csproj", "{2EA5CA5B-7131-4E41-B501-EC0405208527}"
EndProject
Global
	GlobalSection(SolutionConfigurationPlatforms) = preSolution
		Debug|Any CPU = Debug|Any CPU
		Release|Any CPU = Release|Any CPU
	EndGlobalSection
	GlobalSection(ProjectConfigurationPlatforms) = postSolution
		{2EA5CA5B-7131-4E41-B501-EC0405208527}.Debug|Any CPU.ActiveCfg = Debug|Any CPU
		{2EA5CA5B-7131-4E41-B501-EC0405208527}.Debug|Any CPU.Build.0 = Debug|Any CPU
		{2EA5CA5B-7131-4E41-B501-EC0405208527}.Release|Any CPU.ActiveCfg = Release|Any CPU
		{2EA5CA5B-7131-4E41-B501-EC0405208527}.Release|Any CPU.Build.0 = Release|Any CPU
	EndGlobalSection
	GlobalSection(SolutionProperties) = preSolution
		HideSolutionNode = FALSE
	EndGlobalSection
	GlobalSection(ExtensibilityGlobals) = postSolution
		SolutionGuid = {8770C5BF-D18A-4958-A780-58BD3D92F465}
	EndGlobalSection
EndGlobal
