
Microsoft Visual Studio Solution File, Format Version 12.00
# Visual Studio Version 17
VisualStudioVersion = 17.9.34728.123
MinimumVisualStudioVersion = 10.0.40219.1
Project("{FAE04EC0-301F-11D3-BF4B-00C04F79EFBC}") = "bai05", "bai05.csproj", "{C10A29BA-8D5C-4A8D-8197-30B952155094}"
EndProject
Global
	GlobalSection(SolutionConfigurationPlatforms) = preSolution
		Debug|Any CPU = Debug|Any CPU
		Release|Any CPU = Release|Any CPU
	EndGlobalSection
	GlobalSection(ProjectConfigurationPlatforms) = postSolution
		{C10A29BA-8D5C-4A8D-8197-30B952155094}.Debug|Any CPU.ActiveCfg = Debug|Any CPU
		{C10A29BA-8D5C-4A8D-8197-30B952155094}.Debug|Any CPU.Build.0 = Debug|Any CPU
		{C10A29BA-8D5C-4A8D-8197-30B952155094}.Release|Any CPU.ActiveCfg = Release|Any CPU
		{C10A29BA-8D5C-4A8D-8197-30B952155094}.Release|Any CPU.Build.0 = Release|Any CPU
	EndGlobalSection
	GlobalSection(SolutionProperties) = preSolution
		HideSolutionNode = FALSE
	EndGlobalSection
	GlobalSection(ExtensibilityGlobals) = postSolution
		SolutionGuid = {1625116A-8198-429C-9094-C9572EFF516A}
	EndGlobalSection
EndGlobal
