
Microsoft Visual Studio Solution File, Format Version 12.00
# Visual Studio Version 16
VisualStudioVersion = 16.0.30523.141
MinimumVisualStudioVersion = 10.0.40219.1
Project("{FAE04EC0-301F-11D3-BF4B-00C04F79EFBC}") = "09-10-2020", "09-10-2020\09-10-2020.csproj", "{398AEFBD-4C48-4CE5-A2EE-99650D28FF47}"
EndProject
Global
	GlobalSection(SolutionConfigurationPlatforms) = preSolution
		Debug|Any CPU = Debug|Any CPU
		Release|Any CPU = Release|Any CPU
	EndGlobalSection
	GlobalSection(ProjectConfigurationPlatforms) = postSolution
		{398AEFBD-4C48-4CE5-A2EE-99650D28FF47}.Debug|Any CPU.ActiveCfg = Debug|Any CPU
		{398AEFBD-4C48-4CE5-A2EE-99650D28FF47}.Debug|Any CPU.Build.0 = Debug|Any CPU
		{398AEFBD-4C48-4CE5-A2EE-99650D28FF47}.Release|Any CPU.ActiveCfg = Release|Any CPU
		{398AEFBD-4C48-4CE5-A2EE-99650D28FF47}.Release|Any CPU.Build.0 = Release|Any CPU
	EndGlobalSection
	GlobalSection(SolutionProperties) = preSolution
		HideSolutionNode = FALSE
	EndGlobalSection
	GlobalSection(ExtensibilityGlobals) = postSolution
		SolutionGuid = {7A020EB6-1430-4699-BDA0-2F0935892C5B}
	EndGlobalSection
EndGlobal
