
Microsoft Visual Studio Solution File, Format Version 12.00
# Visual Studio Version 17
VisualStudioVersion = 17.4.33110.190
MinimumVisualStudioVersion = 10.0.40219.1
Project("{FAE04EC0-301F-11D3-BF4B-00C04F79EFBC}") = "De07", "De07.csproj", "{1CD27085-D9DF-4FDA-B171-CCD3F77F1437}"
EndProject
Global
	GlobalSection(SolutionConfigurationPlatforms) = preSolution
		Debug|Any CPU = Debug|Any CPU
		Release|Any CPU = Release|Any CPU
	EndGlobalSection
	GlobalSection(ProjectConfigurationPlatforms) = postSolution
		{1CD27085-D9DF-4FDA-B171-CCD3F77F1437}.Debug|Any CPU.ActiveCfg = Debug|Any CPU
		{1CD27085-D9DF-4FDA-B171-CCD3F77F1437}.Debug|Any CPU.Build.0 = Debug|Any CPU
		{1CD27085-D9DF-4FDA-B171-CCD3F77F1437}.Release|Any CPU.ActiveCfg = Release|Any CPU
		{1CD27085-D9DF-4FDA-B171-CCD3F77F1437}.Release|Any CPU.Build.0 = Release|Any CPU
	EndGlobalSection
	GlobalSection(SolutionProperties) = preSolution
		HideSolutionNode = FALSE
	EndGlobalSection
	GlobalSection(ExtensibilityGlobals) = postSolution
		SolutionGuid = {7D87AA7D-0B59-44CB-BF4A-611F89431576}
	EndGlobalSection
EndGlobal
