
Microsoft Visual Studio Solution File, Format Version 12.00
# Visual Studio Version 16
VisualStudioVersion = 16.0.30907.101
MinimumVisualStudioVersion = 10.0.40219.1
Project("{FAE04EC0-301F-11D3-BF4B-00C04F79EFBC}") = "Cupcakes", "Cupcakes\Cupcakes.csproj", "{FD11F301-44B6-469A-BA1C-792D749429D3}"
EndProject
Global
	GlobalSection(SolutionConfigurationPlatforms) = preSolution
		Debug|Any CPU = Debug|Any CPU
		Release|Any CPU = Release|Any CPU
	EndGlobalSection
	GlobalSection(ProjectConfigurationPlatforms) = postSolution
		{FD11F301-44B6-469A-BA1C-792D749429D3}.Debug|Any CPU.ActiveCfg = Debug|Any CPU
		{FD11F301-44B6-469A-BA1C-792D749429D3}.Debug|Any CPU.Build.0 = Debug|Any CPU
		{FD11F301-44B6-469A-BA1C-792D749429D3}.Release|Any CPU.ActiveCfg = Release|Any CPU
		{FD11F301-44B6-469A-BA1C-792D749429D3}.Release|Any CPU.Build.0 = Release|Any CPU
	EndGlobalSection
	GlobalSection(SolutionProperties) = preSolution
		HideSolutionNode = FALSE
	EndGlobalSection
	GlobalSection(ExtensibilityGlobals) = postSolution
		SolutionGuid = {5DC2A3FA-251A-481A-BAAB-212E934222A8}
	EndGlobalSection
EndGlobal
