
Microsoft Visual Studio Solution File, Format Version 12.00
# Visual Studio Version 17
VisualStudioVersion = 17.4.33110.190
MinimumVisualStudioVersion = 10.0.40219.1
Project("{FAE04EC0-301F-11D3-BF4B-00C04F79EFBC}") = "BaiTapTongHop", "BaiTapTongHop.csproj", "{3AEF81FD-29C3-4356-9B8A-6C75751C9C50}"
EndProject
Global
	GlobalSection(SolutionConfigurationPlatforms) = preSolution
		Debug|Any CPU = Debug|Any CPU
		Release|Any CPU = Release|Any CPU
	EndGlobalSection
	GlobalSection(ProjectConfigurationPlatforms) = postSolution
		{3AEF81FD-29C3-4356-9B8A-6C75751C9C50}.Debug|Any CPU.ActiveCfg = Debug|Any CPU
		{3AEF81FD-29C3-4356-9B8A-6C75751C9C50}.Debug|Any CPU.Build.0 = Debug|Any CPU
		{3AEF81FD-29C3-4356-9B8A-6C75751C9C50}.Release|Any CPU.ActiveCfg = Release|Any CPU
		{3AEF81FD-29C3-4356-9B8A-6C75751C9C50}.Release|Any CPU.Build.0 = Release|Any CPU
	EndGlobalSection
	GlobalSection(SolutionProperties) = preSolution
		HideSolutionNode = FALSE
	EndGlobalSection
	GlobalSection(ExtensibilityGlobals) = postSolution
		SolutionGuid = {5324D3B5-DB62-4439-97A9-741C8E4CE609}
	EndGlobalSection
EndGlobal
