
Microsoft Visual Studio Solution File, Format Version 12.00
# Visual Studio Version 17
VisualStudioVersion = 17.1.32210.238
MinimumVisualStudioVersion = 10.0.40219.1
Project("{FAE04EC0-301F-11D3-BF4B-00C04F79EFBC}") = "WAD_C2009i_NguyenVanA", "WAD_C2009i_NguyenVanA\WAD_C2009i_NguyenVanA.csproj", "{6A1408D9-CCB5-4DDD-8318-6DF1F47544F2}"
EndProject
Global
	GlobalSection(SolutionConfigurationPlatforms) = preSolution
		Debug|Any CPU = Debug|Any CPU
		Release|Any CPU = Release|Any CPU
	EndGlobalSection
	GlobalSection(ProjectConfigurationPlatforms) = postSolution
		{6A1408D9-CCB5-4DDD-8318-6DF1F47544F2}.Debug|Any CPU.ActiveCfg = Debug|Any CPU
		{6A1408D9-CCB5-4DDD-8318-6DF1F47544F2}.Debug|Any CPU.Build.0 = Debug|Any CPU
		{6A1408D9-CCB5-4DDD-8318-6DF1F47544F2}.Release|Any CPU.ActiveCfg = Release|Any CPU
		{6A1408D9-CCB5-4DDD-8318-6DF1F47544F2}.Release|Any CPU.Build.0 = Release|Any CPU
	EndGlobalSection
	GlobalSection(SolutionProperties) = preSolution
		HideSolutionNode = FALSE
	EndGlobalSection
	GlobalSection(ExtensibilityGlobals) = postSolution
		SolutionGuid = {FAA8D915-4EE1-404E-AC2C-6B8EAE03E944}
	EndGlobalSection
EndGlobal
