
Microsoft Visual Studio Solution File, Format Version 12.00
# Visual Studio Version 16
VisualStudioVersion = 16.0.30621.155
MinimumVisualStudioVersion = 10.0.40219.1
Project("{FAE04EC0-301F-11D3-BF4B-00C04F79EFBC}") = "MyApp", "MyApp\MyApp.csproj", "{640F60C3-0F3B-49CA-B2C1-A89ABA4387DD}"
EndProject
Global
	GlobalSection(SolutionConfigurationPlatforms) = preSolution
		Debug|Any CPU = Debug|Any CPU
		Release|Any CPU = Release|Any CPU
	EndGlobalSection
	GlobalSection(ProjectConfigurationPlatforms) = postSolution
		{640F60C3-0F3B-49CA-B2C1-A89ABA4387DD}.Debug|Any CPU.ActiveCfg = Debug|Any CPU
		{640F60C3-0F3B-49CA-B2C1-A89ABA4387DD}.Debug|Any CPU.Build.0 = Debug|Any CPU
		{640F60C3-0F3B-49CA-B2C1-A89ABA4387DD}.Release|Any CPU.ActiveCfg = Release|Any CPU
		{640F60C3-0F3B-49CA-B2C1-A89ABA4387DD}.Release|Any CPU.Build.0 = Release|Any CPU
	EndGlobalSection
	GlobalSection(SolutionProperties) = preSolution
		HideSolutionNode = FALSE
	EndGlobalSection
	GlobalSection(ExtensibilityGlobals) = postSolution
		SolutionGuid = {60EE03E8-03AE-4396-819E-B0FCDE1E8FF3}
	EndGlobalSection
EndGlobal
