
Microsoft Visual Studio Solution File, Format Version 12.00
# Visual Studio Version 17
VisualStudioVersion = 17.2.32616.157
MinimumVisualStudioVersion = 10.0.40219.1
Project("{FAE04EC0-301F-11D3-BF4B-00C04F79EFBC}") = "De02", "De02.csproj", "{51A6EDCB-CD74-4A53-8D2B-A9E44907D301}"
EndProject
Global
	GlobalSection(SolutionConfigurationPlatforms) = preSolution
		Debug|Any CPU = Debug|Any CPU
		Release|Any CPU = Release|Any CPU
	EndGlobalSection
	GlobalSection(ProjectConfigurationPlatforms) = postSolution
		{51A6EDCB-CD74-4A53-8D2B-A9E44907D301}.Debug|Any CPU.ActiveCfg = Debug|Any CPU
		{51A6EDCB-CD74-4A53-8D2B-A9E44907D301}.Debug|Any CPU.Build.0 = Debug|Any CPU
		{51A6EDCB-CD74-4A53-8D2B-A9E44907D301}.Release|Any CPU.ActiveCfg = Release|Any CPU
		{51A6EDCB-CD74-4A53-8D2B-A9E44907D301}.Release|Any CPU.Build.0 = Release|Any CPU
	EndGlobalSection
	GlobalSection(SolutionProperties) = preSolution
		HideSolutionNode = FALSE
	EndGlobalSection
	GlobalSection(ExtensibilityGlobals) = postSolution
		SolutionGuid = {A685E4BE-E1ED-4343-9E0E-E177C7EBD641}
	EndGlobalSection
EndGlobal
