
Microsoft Visual Studio Solution File, Format Version 12.00
# Visual Studio Version 17
VisualStudioVersion = 17.4.33110.190
MinimumVisualStudioVersion = 10.0.40219.1
Project("{FAE04EC0-301F-11D3-BF4B-00C04F79EFBC}") = "apDe6", "apDe6.csproj", "{17B6BE7A-AE5D-4ED0-9656-410EC5F6ED8B}"
EndProject
Global
	GlobalSection(SolutionConfigurationPlatforms) = preSolution
		Debug|Any CPU = Debug|Any CPU
		Release|Any CPU = Release|Any CPU
	EndGlobalSection
	GlobalSection(ProjectConfigurationPlatforms) = postSolution
		{17B6BE7A-AE5D-4ED0-9656-410EC5F6ED8B}.Debug|Any CPU.ActiveCfg = Debug|Any CPU
		{17B6BE7A-AE5D-4ED0-9656-410EC5F6ED8B}.Debug|Any CPU.Build.0 = Debug|Any CPU
		{17B6BE7A-AE5D-4ED0-9656-410EC5F6ED8B}.Release|Any CPU.ActiveCfg = Release|Any CPU
		{17B6BE7A-AE5D-4ED0-9656-410EC5F6ED8B}.Release|Any CPU.Build.0 = Release|Any CPU
	EndGlobalSection
	GlobalSection(SolutionProperties) = preSolution
		HideSolutionNode = FALSE
	EndGlobalSection
	GlobalSection(ExtensibilityGlobals) = postSolution
		SolutionGuid = {B035E713-24F6-47A9-8382-300591F0EECD}
	EndGlobalSection
EndGlobal
