
Microsoft Visual Studio Solution File, Format Version 12.00
# Visual Studio Version 16
VisualStudioVersion = 16.0.31729.503
MinimumVisualStudioVersion = 10.0.40219.1
Project("{FAE04EC0-301F-11D3-BF4B-00C04F79EFBC}") = "MyApp", "WindowsFormsApp1\MyApp.csproj", "{758693C3-C92C-4853-BD87-E4B1A9628146}"
EndProject
Global
	GlobalSection(SolutionConfigurationPlatforms) = preSolution
		Debug|Any CPU = Debug|Any CPU
		Release|Any CPU = Release|Any CPU
	EndGlobalSection
	GlobalSection(ProjectConfigurationPlatforms) = postSolution
		{758693C3-C92C-4853-BD87-E4B1A9628146}.Debug|Any CPU.ActiveCfg = Debug|Any CPU
		{758693C3-C92C-4853-BD87-E4B1A9628146}.Debug|Any CPU.Build.0 = Debug|Any CPU
		{758693C3-C92C-4853-BD87-E4B1A9628146}.Release|Any CPU.ActiveCfg = Release|Any CPU
		{758693C3-C92C-4853-BD87-E4B1A9628146}.Release|Any CPU.Build.0 = Release|Any CPU
	EndGlobalSection
	GlobalSection(SolutionProperties) = preSolution
		HideSolutionNode = FALSE
	EndGlobalSection
	GlobalSection(ExtensibilityGlobals) = postSolution
		SolutionGuid = {0F746DE8-1D48-405C-847C-5B130785C314}
	EndGlobalSection
EndGlobal
