
Microsoft Visual Studio Solution File, Format Version 12.00
# Visual Studio Version 17
VisualStudioVersion = 17.4.33110.190
MinimumVisualStudioVersion = 10.0.40219.1
Project("{FAE04EC0-301F-11D3-BF4B-00C04F79EFBC}") = "BilionareApp", "BilionareApp.csproj", "{5B1105E0-88DF-44DB-A405-6FCA4541A296}"
EndProject
Global
	GlobalSection(SolutionConfigurationPlatforms) = preSolution
		Debug|Any CPU = Debug|Any CPU
		Release|Any CPU = Release|Any CPU
	EndGlobalSection
	GlobalSection(ProjectConfigurationPlatforms) = postSolution
		{5B1105E0-88DF-44DB-A405-6FCA4541A296}.Debug|Any CPU.ActiveCfg = Debug|Any CPU
		{5B1105E0-88DF-44DB-A405-6FCA4541A296}.Debug|Any CPU.Build.0 = Debug|Any CPU
		{5B1105E0-88DF-44DB-A405-6FCA4541A296}.Release|Any CPU.ActiveCfg = Release|Any CPU
		{5B1105E0-88DF-44DB-A405-6FCA4541A296}.Release|Any CPU.Build.0 = Release|Any CPU
	EndGlobalSection
	GlobalSection(SolutionProperties) = preSolution
		HideSolutionNode = FALSE
	EndGlobalSection
	GlobalSection(ExtensibilityGlobals) = postSolution
		SolutionGuid = {E35E066A-E50B-4E0F-A061-E0DD263F5BEA}
	EndGlobalSection
EndGlobal
