
Microsoft Visual Studio Solution File, Format Version 12.00
# Visual Studio Version 17
VisualStudioVersion = 17.1.32210.238
MinimumVisualStudioVersion = 10.0.40219.1
Project("{FAE04EC0-301F-11D3-BF4B-00C04F79EFBC}") = "WAD_C2009i_NguyenVanB", "WAD_C2009i_NguyenVanB\WAD_C2009i_NguyenVanB.csproj", "{1BAB40B8-AAF8-4953-A9A2-AFD29A2092DB}"
EndProject
Global
	GlobalSection(SolutionConfigurationPlatforms) = preSolution
		Debug|Any CPU = Debug|Any CPU
		Release|Any CPU = Release|Any CPU
	EndGlobalSection
	GlobalSection(ProjectConfigurationPlatforms) = postSolution
		{1BAB40B8-AAF8-4953-A9A2-AFD29A2092DB}.Debug|Any CPU.ActiveCfg = Debug|Any CPU
		{1BAB40B8-AAF8-4953-A9A2-AFD29A2092DB}.Debug|Any CPU.Build.0 = Debug|Any CPU
		{1BAB40B8-AAF8-4953-A9A2-AFD29A2092DB}.Release|Any CPU.ActiveCfg = Release|Any CPU
		{1BAB40B8-AAF8-4953-A9A2-AFD29A2092DB}.Release|Any CPU.Build.0 = Release|Any CPU
	EndGlobalSection
	GlobalSection(SolutionProperties) = preSolution
		HideSolutionNode = FALSE
	EndGlobalSection
	GlobalSection(ExtensibilityGlobals) = postSolution
		SolutionGuid = {32065B54-C095-4BAD-BA02-AA02C3948155}
	EndGlobalSection
EndGlobal
