
Microsoft Visual Studio Solution File, Format Version 12.00
# Visual Studio Version 16
VisualStudioVersion = 16.0.33801.447
MinimumVisualStudioVersion = 10.0.40219.1
Project("{FAE04EC0-301F-11D3-BF4B-00C04F79EFBC}") = "ProjectAppMVC", "ProjectAppMVC\ProjectAppMVC.csproj", "{81DC66EB-FDAB-48CB-9CD1-BCBD0B9EFF75}"
EndProject
Global
	GlobalSection(SolutionConfigurationPlatforms) = preSolution
		Debug|Any CPU = Debug|Any CPU
		Release|Any CPU = Release|Any CPU
	EndGlobalSection
	GlobalSection(ProjectConfigurationPlatforms) = postSolution
		{81DC66EB-FDAB-48CB-9CD1-BCBD0B9EFF75}.Debug|Any CPU.ActiveCfg = Debug|Any CPU
		{81DC66EB-FDAB-48CB-9CD1-BCBD0B9EFF75}.Debug|Any CPU.Build.0 = Debug|Any CPU
		{81DC66EB-FDAB-48CB-9CD1-BCBD0B9EFF75}.Release|Any CPU.ActiveCfg = Release|Any CPU
		{81DC66EB-FDAB-48CB-9CD1-BCBD0B9EFF75}.Release|Any CPU.Build.0 = Release|Any CPU
	EndGlobalSection
	GlobalSection(SolutionProperties) = preSolution
		HideSolutionNode = FALSE
	EndGlobalSection
	GlobalSection(ExtensibilityGlobals) = postSolution
		SolutionGuid = {0972C9B2-3505-4188-9999-0281F98AE077}
	EndGlobalSection
EndGlobal
