
Microsoft Visual Studio Solution File, Format Version 12.00
# Visual Studio Version 16
VisualStudioVersion = 16.0.30907.101
MinimumVisualStudioVersion = 10.0.40219.1
Project("{FAE04EC0-301F-11D3-BF4B-00C04F79EFBC}") = "BlueYonder.Flights", "BlueYonder.Flights\BlueYonder.Flights.csproj", "{5FE20CC7-0B64-4300-BCB6-087F14047D1D}"
EndProject
Project("{FAE04EC0-301F-11D3-BF4B-00C04F79EFBC}") = "DatabaseTester", "DatabaseTester\DatabaseTester.csproj", "{C1DF4D90-EDB7-42EC-809B-63816A6BCEBD}"
EndProject
Global
	GlobalSection(SolutionConfigurationPlatforms) = preSolution
		Debug|Any CPU = Debug|Any CPU
		Release|Any CPU = Release|Any CPU
	EndGlobalSection
	GlobalSection(ProjectConfigurationPlatforms) = postSolution
		{5FE20CC7-0B64-4300-BCB6-087F14047D1D}.Debug|Any CPU.ActiveCfg = Debug|Any CPU
		{5FE20CC7-0B64-4300-BCB6-087F14047D1D}.Debug|Any CPU.Build.0 = Debug|Any CPU
		{5FE20CC7-0B64-4300-BCB6-087F14047D1D}.Release|Any CPU.ActiveCfg = Release|Any CPU
		{5FE20CC7-0B64-4300-BCB6-087F14047D1D}.Release|Any CPU.Build.0 = Release|Any CPU
		{C1DF4D90-EDB7-42EC-809B-63816A6BCEBD}.Debug|Any CPU.ActiveCfg = Debug|Any CPU
		{C1DF4D90-EDB7-42EC-809B-63816A6BCEBD}.Debug|Any CPU.Build.0 = Debug|Any CPU
		{C1DF4D90-EDB7-42EC-809B-63816A6BCEBD}.Release|Any CPU.ActiveCfg = Release|Any CPU
		{C1DF4D90-EDB7-42EC-809B-63816A6BCEBD}.Release|Any CPU.Build.0 = Release|Any CPU
	EndGlobalSection
	GlobalSection(SolutionProperties) = preSolution
		HideSolutionNode = FALSE
	EndGlobalSection
	GlobalSection(ExtensibilityGlobals) = postSolution
		SolutionGuid = {8DA0CC19-8A2A-4F89-A512-9464052082E2}
	EndGlobalSection
EndGlobal
