
Microsoft Visual Studio Solution File, Format Version 12.00
# Visual Studio Version 16
VisualStudioVersion = 16.0.31424.327
MinimumVisualStudioVersion = 10.0.40219.1
Project("{FAE04EC0-301F-11D3-BF4B-00C04F79EFBC}") = "examde02", "examde02\examde02.csproj", "{6C960BA9-A49C-49CC-99C1-473594C4CA38}"
EndProject
Global
	GlobalSection(SolutionConfigurationPlatforms) = preSolution
		Debug|Any CPU = Debug|Any CPU
		Release|Any CPU = Release|Any CPU
	EndGlobalSection
	GlobalSection(ProjectConfigurationPlatforms) = postSolution
		{6C960BA9-A49C-49CC-99C1-473594C4CA38}.Debug|Any CPU.ActiveCfg = Debug|Any CPU
		{6C960BA9-A49C-49CC-99C1-473594C4CA38}.Debug|Any CPU.Build.0 = Debug|Any CPU
		{6C960BA9-A49C-49CC-99C1-473594C4CA38}.Release|Any CPU.ActiveCfg = Release|Any CPU
		{6C960BA9-A49C-49CC-99C1-473594C4CA38}.Release|Any CPU.Build.0 = Release|Any CPU
	EndGlobalSection
	GlobalSection(SolutionProperties) = preSolution
		HideSolutionNode = FALSE
	EndGlobalSection
	GlobalSection(ExtensibilityGlobals) = postSolution
		SolutionGuid = {CA22FC72-C98B-4651-A6CB-B00D64DF2AAC}
	EndGlobalSection
EndGlobal
