
Microsoft Visual Studio Solution File, Format Version 12.00
# Visual Studio Version 16
VisualStudioVersion = 16.0.810.16
MinimumVisualStudioVersion = 10.0.40219.1
Project("{FAE04EC0-301F-11D3-BF4B-00C04F79EFBC}") = "MVCExample", "MVCExample\MVCExample.csproj", "{83D6B3C5-AD52-4130-827F-7D145FDC6823}"
EndProject
Global
	GlobalSection(SolutionConfigurationPlatforms) = preSolution
		Debug|Any CPU = Debug|Any CPU
		Release|Any CPU = Release|Any CPU
	EndGlobalSection
	GlobalSection(ProjectConfigurationPlatforms) = postSolution
		{83D6B3C5-AD52-4130-827F-7D145FDC6823}.Debug|Any CPU.ActiveCfg = Debug|Any CPU
		{83D6B3C5-AD52-4130-827F-7D145FDC6823}.Debug|Any CPU.Build.0 = Debug|Any CPU
		{83D6B3C5-AD52-4130-827F-7D145FDC6823}.Release|Any CPU.ActiveCfg = Release|Any CPU
		{83D6B3C5-AD52-4130-827F-7D145FDC6823}.Release|Any CPU.Build.0 = Release|Any CPU
	EndGlobalSection
	GlobalSection(SolutionProperties) = preSolution
		HideSolutionNode = FALSE
	EndGlobalSection
	GlobalSection(ExtensibilityGlobals) = postSolution
		SolutionGuid = {84A7C677-3A37-47AF-B15F-E0457A7BFEB9}
	EndGlobalSection
EndGlobal
