
Microsoft Visual Studio Solution File, Format Version 12.00
# Visual Studio Version 16
VisualStudioVersion = 16.0.31613.86
MinimumVisualStudioVersion = 10.0.40219.1
Project("{FAE04EC0-301F-11D3-BF4B-00C04F79EFBC}") = "OperasWebSites", "OperasWebSites\OperasWebSites.csproj", "{B38CABD2-DF73-4CC1-AFCD-E1BF5CD5DF79}"
EndProject
Global
	GlobalSection(SolutionConfigurationPlatforms) = preSolution
		Debug|Any CPU = Debug|Any CPU
		Release|Any CPU = Release|Any CPU
	EndGlobalSection
	GlobalSection(ProjectConfigurationPlatforms) = postSolution
		{B38CABD2-DF73-4CC1-AFCD-E1BF5CD5DF79}.Debug|Any CPU.ActiveCfg = Debug|Any CPU
		{B38CABD2-DF73-4CC1-AFCD-E1BF5CD5DF79}.Debug|Any CPU.Build.0 = Debug|Any CPU
		{B38CABD2-DF73-4CC1-AFCD-E1BF5CD5DF79}.Release|Any CPU.ActiveCfg = Release|Any CPU
		{B38CABD2-DF73-4CC1-AFCD-E1BF5CD5DF79}.Release|Any CPU.Build.0 = Release|Any CPU
	EndGlobalSection
	GlobalSection(SolutionProperties) = preSolution
		HideSolutionNode = FALSE
	EndGlobalSection
	GlobalSection(ExtensibilityGlobals) = postSolution
		SolutionGuid = {A3BF29D5-374B-4A61-8D73-049721E79A39}
	EndGlobalSection
EndGlobal
