
Microsoft Visual Studio Solution File, Format Version 12.00
# Visual Studio Version 16
VisualStudioVersion = 16.0.30907.101
MinimumVisualStudioVersion = 10.0.40219.1
Project("{FAE04EC0-301F-11D3-BF4B-00C04F79EFBC}") = "DAL", "DAL\DAL.csproj", "{7D67A68D-0D53-4DD5-B4AA-D73BDA03A504}"
EndProject
Project("{FAE04EC0-301F-11D3-BF4B-00C04F79EFBC}") = "DatabaseTester", "DatabaseTester\DatabaseTester.csproj", "{A8BE7E90-77D1-480B-A0D7-F8D6C544122E}"
EndProject
Global
	GlobalSection(SolutionConfigurationPlatforms) = preSolution
		Debug|Any CPU = Debug|Any CPU
		Release|Any CPU = Release|Any CPU
	EndGlobalSection
	GlobalSection(ProjectConfigurationPlatforms) = postSolution
		{7D67A68D-0D53-4DD5-B4AA-D73BDA03A504}.Debug|Any CPU.ActiveCfg = Debug|Any CPU
		{7D67A68D-0D53-4DD5-B4AA-D73BDA03A504}.Debug|Any CPU.Build.0 = Debug|Any CPU
		{7D67A68D-0D53-4DD5-B4AA-D73BDA03A504}.Release|Any CPU.ActiveCfg = Release|Any CPU
		{7D67A68D-0D53-4DD5-B4AA-D73BDA03A504}.Release|Any CPU.Build.0 = Release|Any CPU
		{A8BE7E90-77D1-480B-A0D7-F8D6C544122E}.Debug|Any CPU.ActiveCfg = Debug|Any CPU
		{A8BE7E90-77D1-480B-A0D7-F8D6C544122E}.Debug|Any CPU.Build.0 = Debug|Any CPU
		{A8BE7E90-77D1-480B-A0D7-F8D6C544122E}.Release|Any CPU.ActiveCfg = Release|Any CPU
		{A8BE7E90-77D1-480B-A0D7-F8D6C544122E}.Release|Any CPU.Build.0 = Release|Any CPU
	EndGlobalSection
	GlobalSection(SolutionProperties) = preSolution
		HideSolutionNode = FALSE
	EndGlobalSection
	GlobalSection(ExtensibilityGlobals) = postSolution
		SolutionGuid = {C45A8560-95E3-4C4D-B5F2-7D1AD929151E}
	EndGlobalSection
EndGlobal
