
Microsoft Visual Studio Solution File, Format Version 12.00
# Visual Studio Version 16
VisualStudioVersion = 16.0.31515.178
MinimumVisualStudioVersion = 10.0.40219.1
Project("{FAE04EC0-301F-11D3-BF4B-00C04F79EFBC}") = "aptechde02", "aptechde02\aptechde02.csproj", "{ABA80ED7-5C90-4768-88F8-F7D91C6116C5}"
EndProject
Global
	GlobalSection(SolutionConfigurationPlatforms) = preSolution
		Debug|Any CPU = Debug|Any CPU
		Release|Any CPU = Release|Any CPU
	EndGlobalSection
	GlobalSection(ProjectConfigurationPlatforms) = postSolution
		{ABA80ED7-5C90-4768-88F8-F7D91C6116C5}.Debug|Any CPU.ActiveCfg = Debug|Any CPU
		{ABA80ED7-5C90-4768-88F8-F7D91C6116C5}.Debug|Any CPU.Build.0 = Debug|Any CPU
		{ABA80ED7-5C90-4768-88F8-F7D91C6116C5}.Release|Any CPU.ActiveCfg = Release|Any CPU
		{ABA80ED7-5C90-4768-88F8-F7D91C6116C5}.Release|Any CPU.Build.0 = Release|Any CPU
	EndGlobalSection
	GlobalSection(SolutionProperties) = preSolution
		HideSolutionNode = FALSE
	EndGlobalSection
	GlobalSection(ExtensibilityGlobals) = postSolution
		SolutionGuid = {DAD97B9A-E5E3-4978-9160-B2CB2FE1A8A3}
	EndGlobalSection
EndGlobal
