
Microsoft Visual Studio Solution File, Format Version 12.00
# Visual Studio Version 17
VisualStudioVersion = 17.0.31710.8
MinimumVisualStudioVersion = 10.0.40219.1
Project("{FAE04EC0-301F-11D3-BF4B-00C04F79EFBC}") = "BillionairesManagementProgram", "BillionairesManagementProgram\BillionairesManagementProgram.csproj", "{FA43E9E7-899D-4FDC-9CD1-04ED731175B8}"
EndProject
Global
	GlobalSection(SolutionConfigurationPlatforms) = preSolution
		Debug|Any CPU = Debug|Any CPU
		Release|Any CPU = Release|Any CPU
	EndGlobalSection
	GlobalSection(ProjectConfigurationPlatforms) = postSolution
		{FA43E9E7-899D-4FDC-9CD1-04ED731175B8}.Debug|Any CPU.ActiveCfg = Debug|Any CPU
		{FA43E9E7-899D-4FDC-9CD1-04ED731175B8}.Debug|Any CPU.Build.0 = Debug|Any CPU
		{FA43E9E7-899D-4FDC-9CD1-04ED731175B8}.Release|Any CPU.ActiveCfg = Release|Any CPU
		{FA43E9E7-899D-4FDC-9CD1-04ED731175B8}.Release|Any CPU.Build.0 = Release|Any CPU
	EndGlobalSection
	GlobalSection(SolutionProperties) = preSolution
		HideSolutionNode = FALSE
	EndGlobalSection
	GlobalSection(ExtensibilityGlobals) = postSolution
		SolutionGuid = {D7EC44BF-2867-4CD4-AA09-AA60F95C63C3}
	EndGlobalSection
EndGlobal
