
Microsoft Visual Studio Solution File, Format Version 12.00
# Visual Studio Version 17
VisualStudioVersion = 17.4.33110.190
MinimumVisualStudioVersion = 10.0.40219.1
Project("{FAE04EC0-301F-11D3-BF4B-00C04F79EFBC}") = "de11", "de11.csproj", "{8434FB5B-01AF-4419-B0F0-F137C9E5E824}"
EndProject
Global
	GlobalSection(SolutionConfigurationPlatforms) = preSolution
		Debug|Any CPU = Debug|Any CPU
		Release|Any CPU = Release|Any CPU
	EndGlobalSection
	GlobalSection(ProjectConfigurationPlatforms) = postSolution
		{8434FB5B-01AF-4419-B0F0-F137C9E5E824}.Debug|Any CPU.ActiveCfg = Debug|Any CPU
		{8434FB5B-01AF-4419-B0F0-F137C9E5E824}.Debug|Any CPU.Build.0 = Debug|Any CPU
		{8434FB5B-01AF-4419-B0F0-F137C9E5E824}.Release|Any CPU.ActiveCfg = Release|Any CPU
		{8434FB5B-01AF-4419-B0F0-F137C9E5E824}.Release|Any CPU.Build.0 = Release|Any CPU
	EndGlobalSection
	GlobalSection(SolutionProperties) = preSolution
		HideSolutionNode = FALSE
	EndGlobalSection
	GlobalSection(ExtensibilityGlobals) = postSolution
		SolutionGuid = {9CA9A666-2B32-4147-8938-923ADC1C6BB5}
	EndGlobalSection
EndGlobal
