
Microsoft Visual Studio Solution File, Format Version 12.00
# Visual Studio Version 16
VisualStudioVersion = 16.0.31613.86
MinimumVisualStudioVersion = 10.0.40219.1
Project("{FAE04EC0-301F-11D3-BF4B-00C04F79EFBC}") = "OperasWebsites", "OperasWebsites\OperasWebsites.csproj", "{FED69169-BF0D-40F0-8572-5CBA1BB51E9C}"
EndProject
Project("{FAE04EC0-301F-11D3-BF4B-00C04F79EFBC}") = "OperasWebsitesTests", "OperasWebsitesTests\OperasWebsitesTests.csproj", "{9A684609-5014-406E-8D84-1BB1D182E2BF}"
EndProject
Global
	GlobalSection(SolutionConfigurationPlatforms) = preSolution
		Debug|Any CPU = Debug|Any CPU
		Release|Any CPU = Release|Any CPU
	EndGlobalSection
	GlobalSection(ProjectConfigurationPlatforms) = postSolution
		{FED69169-BF0D-40F0-8572-5CBA1BB51E9C}.Debug|Any CPU.ActiveCfg = Debug|Any CPU
		{FED69169-BF0D-40F0-8572-5CBA1BB51E9C}.Debug|Any CPU.Build.0 = Debug|Any CPU
		{FED69169-BF0D-40F0-8572-5CBA1BB51E9C}.Release|Any CPU.ActiveCfg = Release|Any CPU
		{FED69169-BF0D-40F0-8572-5CBA1BB51E9C}.Release|Any CPU.Build.0 = Release|Any CPU
		{9A684609-5014-406E-8D84-1BB1D182E2BF}.Debug|Any CPU.ActiveCfg = Debug|Any CPU
		{9A684609-5014-406E-8D84-1BB1D182E2BF}.Debug|Any CPU.Build.0 = Debug|Any CPU
		{9A684609-5014-406E-8D84-1BB1D182E2BF}.Release|Any CPU.ActiveCfg = Release|Any CPU
		{9A684609-5014-406E-8D84-1BB1D182E2BF}.Release|Any CPU.Build.0 = Release|Any CPU
	EndGlobalSection
	GlobalSection(SolutionProperties) = preSolution
		HideSolutionNode = FALSE
	EndGlobalSection
	GlobalSection(ExtensibilityGlobals) = postSolution
		SolutionGuid = {65BD61D9-8536-4A06-9282-A1E96AD1E237}
	EndGlobalSection
EndGlobal
