
Microsoft Visual Studio Solution File, Format Version 12.00
# Visual Studio Version 17
VisualStudioVersion = 17.0.31710.8
MinimumVisualStudioVersion = 10.0.40219.1
Project("{FAE04EC0-301F-11D3-BF4B-00C04F79EFBC}") = "BookStore", "BookStore\BookStore.csproj", "{9451CEE3-A2B9-4B9E-AD45-675285A73D18}"
EndProject
Global
	GlobalSection(SolutionConfigurationPlatforms) = preSolution
		Debug|Any CPU = Debug|Any CPU
		Release|Any CPU = Release|Any CPU
	EndGlobalSection
	GlobalSection(ProjectConfigurationPlatforms) = postSolution
		{9451CEE3-A2B9-4B9E-AD45-675285A73D18}.Debug|Any CPU.ActiveCfg = Debug|Any CPU
		{9451CEE3-A2B9-4B9E-AD45-675285A73D18}.Debug|Any CPU.Build.0 = Debug|Any CPU
		{9451CEE3-A2B9-4B9E-AD45-675285A73D18}.Release|Any CPU.ActiveCfg = Release|Any CPU
		{9451CEE3-A2B9-4B9E-AD45-675285A73D18}.Release|Any CPU.Build.0 = Release|Any CPU
	EndGlobalSection
	GlobalSection(SolutionProperties) = preSolution
		HideSolutionNode = FALSE
	EndGlobalSection
	GlobalSection(ExtensibilityGlobals) = postSolution
		SolutionGuid = {0045193C-E5A8-4D9D-827A-EBFF6C967455}
	EndGlobalSection
EndGlobal
