
Microsoft Visual Studio Solution File, Format Version 12.00
# Visual Studio Version 17
VisualStudioVersion = 17.1.32210.238
MinimumVisualStudioVersion = 10.0.40219.1
Project("{FAE04EC0-301F-11D3-BF4B-00C04F79EFBC}") = "myapp", "myapp.csproj", "{7378E5D8-6D3B-40EB-B3E5-9787E94B1DC3}"
EndProject
Global
	GlobalSection(SolutionConfigurationPlatforms) = preSolution
		Debug|Any CPU = Debug|Any CPU
		Release|Any CPU = Release|Any CPU
	EndGlobalSection
	GlobalSection(ProjectConfigurationPlatforms) = postSolution
		{7378E5D8-6D3B-40EB-B3E5-9787E94B1DC3}.Debug|Any CPU.ActiveCfg = Debug|Any CPU
		{7378E5D8-6D3B-40EB-B3E5-9787E94B1DC3}.Debug|Any CPU.Build.0 = Debug|Any CPU
		{7378E5D8-6D3B-40EB-B3E5-9787E94B1DC3}.Release|Any CPU.ActiveCfg = Release|Any CPU
		{7378E5D8-6D3B-40EB-B3E5-9787E94B1DC3}.Release|Any CPU.Build.0 = Release|Any CPU
	EndGlobalSection
	GlobalSection(SolutionProperties) = preSolution
		HideSolutionNode = FALSE
	EndGlobalSection
	GlobalSection(ExtensibilityGlobals) = postSolution
		SolutionGuid = {F96A7F25-1EEC-45D0-89F7-960273709B0D}
	EndGlobalSection
EndGlobal
