
Microsoft Visual Studio Solution File, Format Version 12.00
# Visual Studio Version 17
VisualStudioVersion = 17.0.31710.8
MinimumVisualStudioVersion = 10.0.40219.1
Project("{FAE04EC0-301F-11D3-BF4B-00C04F79EFBC}") = "myWebApiApp", "myWebApiApp\myWebApiApp.csproj", "{173B98FB-F638-4E57-8063-BCC37D99E1CE}"
EndProject
Global
	GlobalSection(SolutionConfigurationPlatforms) = preSolution
		Debug|Any CPU = Debug|Any CPU
		Release|Any CPU = Release|Any CPU
	EndGlobalSection
	GlobalSection(ProjectConfigurationPlatforms) = postSolution
		{173B98FB-F638-4E57-8063-BCC37D99E1CE}.Debug|Any CPU.ActiveCfg = Debug|Any CPU
		{173B98FB-F638-4E57-8063-BCC37D99E1CE}.Debug|Any CPU.Build.0 = Debug|Any CPU
		{173B98FB-F638-4E57-8063-BCC37D99E1CE}.Release|Any CPU.ActiveCfg = Release|Any CPU
		{173B98FB-F638-4E57-8063-BCC37D99E1CE}.Release|Any CPU.Build.0 = Release|Any CPU
	EndGlobalSection
	GlobalSection(SolutionProperties) = preSolution
		HideSolutionNode = FALSE
	EndGlobalSection
	GlobalSection(ExtensibilityGlobals) = postSolution
		SolutionGuid = {78FCF676-228B-4B6C-AE31-270E7F1F9873}
	EndGlobalSection
EndGlobal
