
Microsoft Visual Studio Solution File, Format Version 12.00
# Visual Studio Version 17
VisualStudioVersion = 17.13.35931.197 d17.13
MinimumVisualStudioVersion = 10.0.40219.1
Project("{FAE04EC0-301F-11D3-BF4B-00C04F79EFBC}") = "de03", "de03.csproj", "{D573CE9E-4BCE-48A2-8C79-0D231FD938BB}"
EndProject
Global
	GlobalSection(SolutionConfigurationPlatforms) = preSolution
		Debug|Any CPU = Debug|Any CPU
		Release|Any CPU = Release|Any CPU
	EndGlobalSection
	GlobalSection(ProjectConfigurationPlatforms) = postSolution
		{D573CE9E-4BCE-48A2-8C79-0D231FD938BB}.Debug|Any CPU.ActiveCfg = Debug|Any CPU
		{D573CE9E-4BCE-48A2-8C79-0D231FD938BB}.Debug|Any CPU.Build.0 = Debug|Any CPU
		{D573CE9E-4BCE-48A2-8C79-0D231FD938BB}.Release|Any CPU.ActiveCfg = Release|Any CPU
		{D573CE9E-4BCE-48A2-8C79-0D231FD938BB}.Release|Any CPU.Build.0 = Release|Any CPU
	EndGlobalSection
	GlobalSection(SolutionProperties) = preSolution
		HideSolutionNode = FALSE
	EndGlobalSection
	GlobalSection(ExtensibilityGlobals) = postSolution
		SolutionGuid = {4797AFEE-CB12-400C-A8D0-9AEED269EDF4}
	EndGlobalSection
EndGlobal
